
Microsoft Visual Studio Solution File, Format Version 12.00
# Visual Studio Version 17
VisualStudioVersion = 17.0.31903.59
MinimumVisualStudioVersion = 10.0.40219.1
Project("{2150E333-8FDC-42A3-9474-1A3956D46DE8}") = "src", "src", "{A00642D4-5A2C-4F2E-A734-92D257110C7A}"
EndProject
Project("{FAE04EC0-301F-11D3-BF4B-00C04F79EFBC}") = "TeachPortal.Domain", "src\TeachPortal.Domain\TeachPortal.Domain.csproj", "{B265B9AF-5611-464E-9234-B235F5618945}"
EndProject
Project("{FAE04EC0-301F-11D3-BF4B-00C04F79EFBC}") = "TeachPortal.Application", "src\TeachPortal.Application\TeachPortal.Application.csproj", "{3115400A-7724-4923-B4A0-B78DD4C51D05}"
EndProject
Project("{FAE04EC0-301F-11D3-BF4B-00C04F79EFBC}") = "TeachPortal.Infrastructure", "src\TeachPortal.Infrastructure\TeachPortal.Infrastructure.csproj", "{886515B2-CAD6-45CD-A047-44D05CEEFAB3}"
EndProject
Project("{FAE04EC0-301F-11D3-BF4B-00C04F79EFBC}") = "TeachPortal.API", "src\TeachPortal.API\TeachPortal.API.csproj", "{BA5A8F31-85EA-484D-9BBE-1211951553BD}"
EndProject
Project("{2150E333-8FDC-42A3-9474-1A3956D46DE8}") = "tests", "tests", "{37737882-72A8-429D-8A05-91D5855DD6C1}"
EndProject
Project("{FAE04EC0-301F-11D3-BF4B-00C04F79EFBC}") = "TeachPortal.Tests.Unit", "tests\TeachPortal.Tests.Unit\TeachPortal.Tests.Unit.csproj", "{7D72D6D9-3A16-4B96-8A13-8432908206F1}"
EndProject
Project("{FAE04EC0-301F-11D3-BF4B-00C04F79EFBC}") = "TeachPortal.Tests.Integration", "tests\TeachPortal.Tests.Integration\TeachPortal.Tests.Integration.csproj", "{011622F8-7112-4AA1-8213-8D1576D8DCE4}"
EndProject
Global
	GlobalSection(SolutionConfigurationPlatforms) = preSolution
		Debug|Any CPU = Debug|Any CPU
		Release|Any CPU = Release|Any CPU
	EndGlobalSection
	GlobalSection(SolutionProperties) = preSolution
		HideSolutionNode = FALSE
	EndGlobalSection
	GlobalSection(ProjectConfigurationPlatforms) = postSolution
		{B265B9AF-5611-464E-9234-B235F5618945}.Debug|Any CPU.ActiveCfg = Debug|Any CPU
		{B265B9AF-5611-464E-9234-B235F5618945}.Debug|Any CPU.Build.0 = Debug|Any CPU
		{B265B9AF-5611-464E-9234-B235F5618945}.Release|Any CPU.ActiveCfg = Release|Any CPU
		{B265B9AF-5611-464E-9234-B235F5618945}.Release|Any CPU.Build.0 = Release|Any CPU
		{3115400A-7724-4923-B4A0-B78DD4C51D05}.Debug|Any CPU.ActiveCfg = Debug|Any CPU
		{3115400A-7724-4923-B4A0-B78DD4C51D05}.Debug|Any CPU.Build.0 = Debug|Any CPU
		{3115400A-7724-4923-B4A0-B78DD4C51D05}.Release|Any CPU.ActiveCfg = Release|Any CPU
		{3115400A-7724-4923-B4A0-B78DD4C51D05}.Release|Any CPU.Build.0 = Release|Any CPU
		{886515B2-CAD6-45CD-A047-44D05CEEFAB3}.Debug|Any CPU.ActiveCfg = Debug|Any CPU
		{886515B2-CAD6-45CD-A047-44D05CEEFAB3}.Debug|Any CPU.Build.0 = Debug|Any CPU
		{886515B2-CAD6-45CD-A047-44D05CEEFAB3}.Release|Any CPU.ActiveCfg = Release|Any CPU
		{886515B2-CAD6-45CD-A047-44D05CEEFAB3}.Release|Any CPU.Build.0 = Release|Any CPU
		{BA5A8F31-85EA-484D-9BBE-1211951553BD}.Debug|Any CPU.ActiveCfg = Debug|Any CPU
		{BA5A8F31-85EA-484D-9BBE-1211951553BD}.Debug|Any CPU.Build.0 = Debug|Any CPU
		{BA5A8F31-85EA-484D-9BBE-1211951553BD}.Release|Any CPU.ActiveCfg = Release|Any CPU
		{BA5A8F31-85EA-484D-9BBE-1211951553BD}.Release|Any CPU.Build.0 = Release|Any CPU
		{7D72D6D9-3A16-4B96-8A13-8432908206F1}.Debug|Any CPU.ActiveCfg = Debug|Any CPU
		{7D72D6D9-3A16-4B96-8A13-8432908206F1}.Debug|Any CPU.Build.0 = Debug|Any CPU
		{7D72D6D9-3A16-4B96-8A13-8432908206F1}.Release|Any CPU.ActiveCfg = Release|Any CPU
		{7D72D6D9-3A16-4B96-8A13-8432908206F1}.Release|Any CPU.Build.0 = Release|Any CPU
		{011622F8-7112-4AA1-8213-8D1576D8DCE4}.Debug|Any CPU.ActiveCfg = Debug|Any CPU
		{011622F8-7112-4AA1-8213-8D1576D8DCE4}.Debug|Any CPU.Build.0 = Debug|Any CPU
		{011622F8-7112-4AA1-8213-8D1576D8DCE4}.Release|Any CPU.ActiveCfg = Release|Any CPU
		{011622F8-7112-4AA1-8213-8D1576D8DCE4}.Release|Any CPU.Build.0 = Release|Any CPU
	EndGlobalSection
	GlobalSection(NestedProjects) = preSolution
		{B265B9AF-5611-464E-9234-B235F5618945} = {A00642D4-5A2C-4F2E-A734-92D257110C7A}
		{3115400A-7724-4923-B4A0-B78DD4C51D05} = {A00642D4-5A2C-4F2E-A734-92D257110C7A}
		{886515B2-CAD6-45CD-A047-44D05CEEFAB3} = {A00642D4-5A2C-4F2E-A734-92D257110C7A}
		{BA5A8F31-85EA-484D-9BBE-1211951553BD} = {A00642D4-5A2C-4F2E-A734-92D257110C7A}
		{7D72D6D9-3A16-4B96-8A13-8432908206F1} = {37737882-72A8-429D-8A05-91D5855DD6C1}
		{011622F8-7112-4AA1-8213-8D1576D8DCE4} = {37737882-72A8-429D-8A05-91D5855DD6C1}
	EndGlobalSection
EndGlobal
